# This is a Gradle generated file for dependency locking.
# Manual edits can break the build and are not advised.
# This file is expected to be part of source control.
aopalliance:aopalliance:1.0=compileClasspath
ch.qos.logback:logback-classic:1.5.12=compileClasspath
ch.qos.logback:logback-core:1.5.12=compileClasspath
com.fasterxml.jackson.core:jackson-annotations:2.18.2=compileClasspath
com.fasterxml.jackson.core:jackson-core:2.18.2=compileClasspath
com.fasterxml.jackson.core:jackson-databind:2.18.2=compileClasspath
com.fasterxml.jackson.dataformat:jackson-dataformat-yaml:2.18.2=compileClasspath
com.fasterxml.jackson.datatype:jackson-datatype-jdk8:2.18.2=compileClasspath
com.fasterxml.jackson.datatype:jackson-datatype-jsr310:2.18.2=compileClasspath
com.fasterxml.jackson.module:jackson-module-parameter-names:2.18.2=compileClasspath
com.fasterxml.jackson:jackson-bom:2.18.2=compileClasspath
com.github.stephenc.jcip:jcip-annotations:1.0-1=compileClasspath
com.google.api.grpc:proto-google-common-protos:2.9.0=compileClasspath
com.google.code.findbugs:jsr305:3.0.2=compileClasspath
com.google.code.gson:gson:2.11.0=compileClasspath
com.google.errorprone:error_prone_annotations:2.28.0=compileClasspath
com.google.guava:failureaccess:1.0.2=compileClasspath
com.google.guava:guava:33.3.1-jre=compileClasspath
com.google.guava:listenablefuture:9999.0-empty-to-avoid-conflict-with-guava=compileClasspath
com.google.j2objc:j2objc-annotations:3.0.0=compileClasspath
com.google.protobuf:protobuf-java-util:3.22.0=compileClasspath
com.google.protobuf:protobuf-java:3.25.5=compileClasspath
com.nimbusds:nimbus-jose-jwt:9.37.3=compileClasspath
com.uber.m3:tally-core:0.13.0=compileClasspath
com.zaxxer:HikariCP:5.1.0=compileClasspath
io.grpc:grpc-api:1.54.1=compileClasspath
io.grpc:grpc-bom:1.54.1=compileClasspath
io.grpc:grpc-context:1.54.1=compileClasspath
io.grpc:grpc-core:1.54.1=compileClasspath
io.grpc:grpc-netty-shaded:1.54.1=compileClasspath
io.grpc:grpc-protobuf-lite:1.54.1=compileClasspath
io.grpc:grpc-protobuf:1.54.1=compileClasspath
io.grpc:grpc-services:1.54.1=compileClasspath
io.grpc:grpc-stub:1.54.1=compileClasspath
io.micrometer:context-propagation:1.1.2=compileClasspath
io.micrometer:micrometer-bom:1.9.9=compileClasspath
io.micrometer:micrometer-commons:1.14.2=compileClasspath
io.micrometer:micrometer-core:1.14.2=compileClasspath
io.micrometer:micrometer-jakarta9:1.14.2=compileClasspath
io.micrometer:micrometer-observation:1.14.2=compileClasspath
io.micrometer:micrometer-registry-prometheus:1.14.2=compileClasspath
io.micrometer:micrometer-tracing-bridge-otel:1.4.1=compileClasspath
io.micrometer:micrometer-tracing:1.4.1=compileClasspath
io.nexusrpc:nexus-sdk:0.3.0-alpha=compileClasspath
io.opentelemetry.instrumentation:opentelemetry-instrumentation-api-incubator:2.9.0-alpha=compileClasspath
io.opentelemetry.instrumentation:opentelemetry-instrumentation-api:2.9.0=compileClasspath
io.opentelemetry.semconv:opentelemetry-semconv:1.25.0-alpha=compileClasspath
io.opentelemetry:opentelemetry-api:1.43.0=compileClasspath
io.opentelemetry:opentelemetry-bom:1.25.0=compileClasspath
io.opentelemetry:opentelemetry-context:1.43.0=compileClasspath
io.opentelemetry:opentelemetry-extension-trace-propagators:1.43.0=compileClasspath
io.opentelemetry:opentelemetry-sdk-common:1.43.0=compileClasspath
io.opentelemetry:opentelemetry-sdk-logs:1.43.0=compileClasspath
io.opentelemetry:opentelemetry-sdk-metrics:1.43.0=compileClasspath
io.opentelemetry:opentelemetry-sdk-trace:1.43.0=compileClasspath
io.opentelemetry:opentelemetry-sdk:1.43.0=compileClasspath
io.opentracing:opentracing-api:0.33.0=compileClasspath
io.prometheus:prometheus-metrics-config:1.3.5=compileClasspath
io.prometheus:prometheus-metrics-core:1.3.5=compileClasspath
io.prometheus:prometheus-metrics-model:1.3.5=compileClasspath
io.prometheus:prometheus-metrics-tracer-common:1.3.5=compileClasspath
io.swagger.core.v3:swagger-annotations-jakarta:2.2.25=compileClasspath
io.swagger.core.v3:swagger-core-jakarta:2.2.25=compileClasspath
io.swagger.core.v3:swagger-models-jakarta:2.2.25=compileClasspath
io.temporal:temporal-opentracing:1.27.0=compileClasspath
io.temporal:temporal-sdk:1.27.0=compileClasspath
io.temporal:temporal-serviceclient:1.27.0=compileClasspath
io.temporal:temporal-spring-boot-autoconfigure:1.27.0=compileClasspath
io.temporal:temporal-spring-boot-starter:1.27.0=compileClasspath
io.temporal:temporal-test-server:1.27.0=compileClasspath
io.temporal:temporal-testing:1.27.0=compileClasspath
it.gov.pagopa.payhub:p4pa-payhub-activities:1.45.1=compileClasspath
jakarta.activation:jakarta.activation-api:2.1.3=compileClasspath
jakarta.annotation:jakarta.annotation-api:2.1.1=compileClasspath
jakarta.persistence:jakarta.persistence-api:3.1.0=compileClasspath
jakarta.transaction:jakarta.transaction-api:2.0.1=compileClasspath
jakarta.validation:jakarta.validation-api:3.0.2=compileClasspath
jakarta.xml.bind:jakarta.xml.bind-api:4.0.2=compileClasspath
org.antlr:antlr4-runtime:4.13.0=compileClasspath
org.apache.commons:commons-lang3:3.17.0=compileClasspath
org.apache.logging.log4j:log4j-api:2.24.3=compileClasspath
org.apache.logging.log4j:log4j-to-slf4j:2.24.3=compileClasspath
org.apache.tomcat.embed:tomcat-embed-core:10.1.34=compileClasspath
org.apache.tomcat.embed:tomcat-embed-el:10.1.34=compileClasspath
org.apache.tomcat.embed:tomcat-embed-websocket:10.1.34=compileClasspath
org.aspectj:aspectjweaver:1.9.22.1=compileClasspath
org.bouncycastle:bcprov-jdk18on:1.79=compileClasspath
org.checkerframework:checker-qual:3.43.0=compileClasspath
org.hibernate.orm:hibernate-core:6.6.4.Final=compileClasspath
org.jspecify:jspecify:1.0.0=compileClasspath
org.openapitools:jackson-databind-nullable:0.2.6=compileClasspath
org.postgresql:postgresql:42.7.4=compileClasspath
org.projectlombok:lombok:1.18.36=compileClasspath
org.slf4j:jul-to-slf4j:2.0.16=compileClasspath
org.slf4j:slf4j-api:2.0.16=compileClasspath
org.springdoc:springdoc-openapi-starter-common:2.7.0=compileClasspath
org.springdoc:springdoc-openapi-starter-webmvc-api:2.7.0=compileClasspath
org.springdoc:springdoc-openapi-starter-webmvc-ui:2.7.0=compileClasspath
org.springframework.boot:spring-boot-actuator-autoconfigure:3.4.1=compileClasspath
org.springframework.boot:spring-boot-actuator:3.4.1=compileClasspath
org.springframework.boot:spring-boot-autoconfigure:3.4.1=compileClasspath
org.springframework.boot:spring-boot-dependencies:2.7.18=compileClasspath
org.springframework.boot:spring-boot-starter-actuator:3.4.1=compileClasspath
org.springframework.boot:spring-boot-starter-data-jpa:3.4.1=compileClasspath
org.springframework.boot:spring-boot-starter-jdbc:3.4.1=compileClasspath
org.springframework.boot:spring-boot-starter-json:3.4.1=compileClasspath
org.springframework.boot:spring-boot-starter-logging:3.4.1=compileClasspath
org.springframework.boot:spring-boot-starter-oauth2-resource-server:3.4.1=compileClasspath
org.springframework.boot:spring-boot-starter-tomcat:3.4.1=compileClasspath
org.springframework.boot:spring-boot-starter-web:3.4.1=compileClasspath
org.springframework.boot:spring-boot-starter:3.4.1=compileClasspath
org.springframework.boot:spring-boot:3.4.1=compileClasspath
org.springframework.data:spring-data-commons:3.4.1=compileClasspath
org.springframework.data:spring-data-jpa:3.4.1=compileClasspath
org.springframework.security:spring-security-config:6.4.2=compileClasspath
org.springframework.security:spring-security-core:6.4.2=compileClasspath
org.springframework.security:spring-security-crypto:6.4.2=compileClasspath
org.springframework.security:spring-security-oauth2-core:6.4.2=compileClasspath
org.springframework.security:spring-security-oauth2-jose:6.4.2=compileClasspath
org.springframework.security:spring-security-oauth2-resource-server:6.4.2=compileClasspath
org.springframework.security:spring-security-web:6.4.2=compileClasspath
org.springframework:spring-aop:6.2.1=compileClasspath
org.springframework:spring-aspects:6.2.1=compileClasspath
org.springframework:spring-beans:6.2.1=compileClasspath
org.springframework:spring-context:6.2.1=compileClasspath
org.springframework:spring-core:6.2.1=compileClasspath
org.springframework:spring-expression:6.2.1=compileClasspath
org.springframework:spring-jcl:6.2.1=compileClasspath
org.springframework:spring-jdbc:6.2.1=compileClasspath
org.springframework:spring-orm:6.2.1=compileClasspath
org.springframework:spring-tx:6.2.1=compileClasspath
org.springframework:spring-web:6.2.1=compileClasspath
org.springframework:spring-webmvc:6.2.1=compileClasspath
org.webjars:swagger-ui:5.18.2=compileClasspath
org.webjars:webjars-locator-lite:1.0.1=compileClasspath
org.yaml:snakeyaml:2.3=compileClasspath
empty=
